
Microsoft Visual Studio Solution File, Format Version 12.00
# Visual Studio Version 16
VisualStudioVersion = 16.0.30128.74
MinimumVisualStudioVersion = 10.0.40219.1
Project("{9A19103F-16F7-4668-BE54-9A1E7A4F7556}") = "RandomVisualizer", "RandomVisualizer\RandomVisualizer.csproj", "{D3F019FF-ABCB-4FF9-9FEA-A0C48ED10087}"
EndProject
Project("{9A19103F-16F7-4668-BE54-9A1E7A4F7556}") = "RandomVisualizer.Debuggee", "RandomVisualizer.Debuggee\RandomVisualizer.Debuggee.csproj", "{14CF19B5-C55D-4E78-96FC-A4C292CEDF01}"
EndProject
Project("{FAE04EC0-301F-11D3-BF4B-00C04F79EFBC}") = "_test", "_test\_test.csproj", "{768EDEFB-0257-482D-B684-CF7709D267F9}"
EndProject
Global
	GlobalSection(SolutionConfigurationPlatforms) = preSolution
		Debug|Any CPU = Debug|Any CPU
		Release|Any CPU = Release|Any CPU
	EndGlobalSection
	GlobalSection(ProjectConfigurationPlatforms) = postSolution
		{D3F019FF-ABCB-4FF9-9FEA-A0C48ED10087}.Debug|Any CPU.ActiveCfg = Debug|Any CPU
		{D3F019FF-ABCB-4FF9-9FEA-A0C48ED10087}.Debug|Any CPU.Build.0 = Debug|Any CPU
		{D3F019FF-ABCB-4FF9-9FEA-A0C48ED10087}.Release|Any CPU.ActiveCfg = Release|Any CPU
		{D3F019FF-ABCB-4FF9-9FEA-A0C48ED10087}.Release|Any CPU.Build.0 = Release|Any CPU
		{14CF19B5-C55D-4E78-96FC-A4C292CEDF01}.Debug|Any CPU.ActiveCfg = Debug|Any CPU
		{14CF19B5-C55D-4E78-96FC-A4C292CEDF01}.Debug|Any CPU.Build.0 = Debug|Any CPU
		{14CF19B5-C55D-4E78-96FC-A4C292CEDF01}.Release|Any CPU.ActiveCfg = Release|Any CPU
		{14CF19B5-C55D-4E78-96FC-A4C292CEDF01}.Release|Any CPU.Build.0 = Release|Any CPU
		{768EDEFB-0257-482D-B684-CF7709D267F9}.Debug|Any CPU.ActiveCfg = Debug|Any CPU
		{768EDEFB-0257-482D-B684-CF7709D267F9}.Debug|Any CPU.Build.0 = Debug|Any CPU
		{768EDEFB-0257-482D-B684-CF7709D267F9}.Release|Any CPU.ActiveCfg = Release|Any CPU
		{768EDEFB-0257-482D-B684-CF7709D267F9}.Release|Any CPU.Build.0 = Release|Any CPU
	EndGlobalSection
	GlobalSection(SolutionProperties) = preSolution
		HideSolutionNode = FALSE
	EndGlobalSection
	GlobalSection(ExtensibilityGlobals) = postSolution
		SolutionGuid = {3043F745-61A9-40E0-8C8B-19406A06697C}
	EndGlobalSection
EndGlobal
